
Microsoft Visual Studio Solution File, Format Version 12.00
# Visual Studio Version 16
VisualStudioVersion = 16.0.30907.101
MinimumVisualStudioVersion = 10.0.40219.1
Project("{9A19103F-16F7-4668-BE54-9A1E7A4F7556}") = "TBRR", "TBRR.csproj", "{39834331-FE08-48AD-BB0D-164E40ECCD42}"
EndProject
Global
	GlobalSection(SolutionConfigurationPlatforms) = preSolution
		Debug|Any CPU = Debug|Any CPU
		Release|Any CPU = Release|Any CPU
	EndGlobalSection
	GlobalSection(ProjectConfigurationPlatforms) = postSolution
		{39834331-FE08-48AD-BB0D-164E40ECCD42}.Debug|Any CPU.ActiveCfg = Debug|Any CPU
		{39834331-FE08-48AD-BB0D-164E40ECCD42}.Debug|Any CPU.Build.0 = Debug|Any CPU
		{39834331-FE08-48AD-BB0D-164E40ECCD42}.Release|Any CPU.ActiveCfg = Release|Any CPU
		{39834331-FE08-48AD-BB0D-164E40ECCD42}.Release|Any CPU.Build.0 = Release|Any CPU
	EndGlobalSection
	GlobalSection(SolutionProperties) = preSolution
		HideSolutionNode = FALSE
	EndGlobalSection
	GlobalSection(ExtensibilityGlobals) = postSolution
		SolutionGuid = {32EE6D46-AB81-4D71-9806-9FE2F192EBDA}
	EndGlobalSection
EndGlobal
